
Microsoft Visual Studio Solution File, Format Version 12.00
# Visual Studio 2012
Project("{D954291E-2A0B-460D-934E-DC6B0785DB48}") = "JobsNow", "JobsNow\JobsNow.shproj", "{2CDBA7BE-4B32-45F5-9A2E-1106931DA38F}"
EndProject
Project("{FAE04EC0-301F-11D3-BF4B-00C04F79EFBC}") = "JobsNow.Droid", "Droid\JobsNow.Droid.csproj", "{FF2DF3C9-F9A2-4B02-83E0-E75DB0D3EF00}"
EndProject
Project("{FAE04EC0-301F-11D3-BF4B-00C04F79EFBC}") = "JobsNow.UITests", "UITests\JobsNow.UITests.csproj", "{C99C07F0-B3DD-4971-B085-6CB588901228}"
EndProject
Project("{D954291E-2A0B-460D-934E-DC6B0785DB48}") = "JobsNow.Core", "JobsNow.Core2\JobsNow.Core.shproj", "{0ABDB3D9-6437-4451-8D99-AC97EE6B92C1}"
EndProject
Global
	GlobalSection(SolutionConfigurationPlatforms) = preSolution
		Debug|Any CPU = Debug|Any CPU
		Release|Any CPU = Release|Any CPU
	EndGlobalSection
	GlobalSection(ProjectConfigurationPlatforms) = postSolution
		{C99C07F0-B3DD-4971-B085-6CB588901228}.Debug|Any CPU.ActiveCfg = Debug|Any CPU
		{C99C07F0-B3DD-4971-B085-6CB588901228}.Debug|Any CPU.Build.0 = Debug|Any CPU
		{C99C07F0-B3DD-4971-B085-6CB588901228}.Release|Any CPU.ActiveCfg = Release|Any CPU
		{C99C07F0-B3DD-4971-B085-6CB588901228}.Release|Any CPU.Build.0 = Release|Any CPU
		{FF2DF3C9-F9A2-4B02-83E0-E75DB0D3EF00}.Debug|Any CPU.ActiveCfg = Debug|Any CPU
		{FF2DF3C9-F9A2-4B02-83E0-E75DB0D3EF00}.Debug|Any CPU.Build.0 = Debug|Any CPU
		{FF2DF3C9-F9A2-4B02-83E0-E75DB0D3EF00}.Release|Any CPU.ActiveCfg = Release|Any CPU
		{FF2DF3C9-F9A2-4B02-83E0-E75DB0D3EF00}.Release|Any CPU.Build.0 = Release|Any CPU
	EndGlobalSection
EndGlobal
